
Microsoft Visual Studio Solution File, Format Version 12.00
# Visual Studio Version 17
VisualStudioVersion = 17.11.35312.102
MinimumVisualStudioVersion = 10.0.40219.1
Project("{8BC9CEB8-8B4A-11D0-8D11-00A0C91BC942}") = "++i", "++i\++i.vcxproj", "{0D84BDA2-D221-48C4-BB22-F04AF40ED346}"
EndProject
Global
	GlobalSection(SolutionConfigurationPlatforms) = preSolution
		Debug|x64 = Debug|x64
		Debug|x86 = Debug|x86
		Release|x64 = Release|x64
		Release|x86 = Release|x86
	EndGlobalSection
	GlobalSection(ProjectConfigurationPlatforms) = postSolution
		{0D84BDA2-D221-48C4-BB22-F04AF40ED346}.Debug|x64.ActiveCfg = Debug|x64
		{0D84BDA2-D221-48C4-BB22-F04AF40ED346}.Debug|x64.Build.0 = Debug|x64
		{0D84BDA2-D221-48C4-BB22-F04AF40ED346}.Debug|x86.ActiveCfg = Debug|Win32
		{0D84BDA2-D221-48C4-BB22-F04AF40ED346}.Debug|x86.Build.0 = Debug|Win32
		{0D84BDA2-D221-48C4-BB22-F04AF40ED346}.Release|x64.ActiveCfg = Release|x64
		{0D84BDA2-D221-48C4-BB22-F04AF40ED346}.Release|x64.Build.0 = Release|x64
		{0D84BDA2-D221-48C4-BB22-F04AF40ED346}.Release|x86.ActiveCfg = Release|Win32
		{0D84BDA2-D221-48C4-BB22-F04AF40ED346}.Release|x86.Build.0 = Release|Win32
	EndGlobalSection
	GlobalSection(SolutionProperties) = preSolution
		HideSolutionNode = FALSE
	EndGlobalSection
	GlobalSection(ExtensibilityGlobals) = postSolution
		SolutionGuid = {A6F51E5F-085B-4B7D-AAE5-F88FCC052568}
	EndGlobalSection
EndGlobal
